
Microsoft Visual Studio Solution File, Format Version 12.00
# Visual Studio Version 17
VisualStudioVersion = 17.1.32414.318
MinimumVisualStudioVersion = 10.0.40219.1
Project("{FAE04EC0-301F-11D3-BF4B-00C04F79EFBC}") = "PokerFace", "PokerFace\PokerFace.csproj", "{D15ABE06-A3F8-4660-AC8C-505AA22A6AE9}"
EndProject
Global
	GlobalSection(SolutionConfigurationPlatforms) = preSolution
		Debug|Any CPU = Debug|Any CPU
		Release|Any CPU = Release|Any CPU
	EndGlobalSection
	GlobalSection(ProjectConfigurationPlatforms) = postSolution
		{D15ABE06-A3F8-4660-AC8C-505AA22A6AE9}.Debug|Any CPU.ActiveCfg = Debug|Any CPU
		{D15ABE06-A3F8-4660-AC8C-505AA22A6AE9}.Debug|Any CPU.Build.0 = Debug|Any CPU
		{D15ABE06-A3F8-4660-AC8C-505AA22A6AE9}.Release|Any CPU.ActiveCfg = Release|Any CPU
		{D15ABE06-A3F8-4660-AC8C-505AA22A6AE9}.Release|Any CPU.Build.0 = Release|Any CPU
	EndGlobalSection
	GlobalSection(SolutionProperties) = preSolution
		HideSolutionNode = FALSE
	EndGlobalSection
	GlobalSection(ExtensibilityGlobals) = postSolution
		SolutionGuid = {400B9DAE-3F09-4B92-985A-2C29557B37BF}
	EndGlobalSection
EndGlobal
